
Microsoft Visual Studio Solution File, Format Version 12.00
# Visual Studio Version 16
VisualStudioVersion = 16.0.30804.86
MinimumVisualStudioVersion = 10.0.40219.1
Project("{FAE04EC0-301F-11D3-BF4B-00C04F79EFBC}") = "CorealateTasks", "CorealateTasks\CorealateTasks.csproj", "{756E9C9D-97AF-4E2D-927C-84BBFAD9E6BB}"
EndProject
Global
	GlobalSection(SolutionConfigurationPlatforms) = preSolution
		Debug|Any CPU = Debug|Any CPU
		Release|Any CPU = Release|Any CPU
	EndGlobalSection
	GlobalSection(ProjectConfigurationPlatforms) = postSolution
		{756E9C9D-97AF-4E2D-927C-84BBFAD9E6BB}.Debug|Any CPU.ActiveCfg = Debug|Any CPU
		{756E9C9D-97AF-4E2D-927C-84BBFAD9E6BB}.Debug|Any CPU.Build.0 = Debug|Any CPU
		{756E9C9D-97AF-4E2D-927C-84BBFAD9E6BB}.Release|Any CPU.ActiveCfg = Release|Any CPU
		{756E9C9D-97AF-4E2D-927C-84BBFAD9E6BB}.Release|Any CPU.Build.0 = Release|Any CPU
	EndGlobalSection
	GlobalSection(SolutionProperties) = preSolution
		HideSolutionNode = FALSE
	EndGlobalSection
	GlobalSection(ExtensibilityGlobals) = postSolution
		SolutionGuid = {A4B39BBC-5C06-4790-8160-193AD92FD281}
	EndGlobalSection
EndGlobal
